
Microsoft Visual Studio Solution File, Format Version 12.00
# Visual Studio Version 17
VisualStudioVersion = 17.7.34024.191
MinimumVisualStudioVersion = 10.0.40219.1
Project("{FAE04EC0-301F-11D3-BF4B-00C04F79EFBC}") = "ConsoleApp12", "ConsoleApp12\ConsoleApp12.csproj", "{1B6B1EF2-3FF2-4F27-8F59-9CE9BDC7FDAD}"
EndProject
Global
	GlobalSection(SolutionConfigurationPlatforms) = preSolution
		Debug|Any CPU = Debug|Any CPU
		Release|Any CPU = Release|Any CPU
	EndGlobalSection
	GlobalSection(ProjectConfigurationPlatforms) = postSolution
		{1B6B1EF2-3FF2-4F27-8F59-9CE9BDC7FDAD}.Debug|Any CPU.ActiveCfg = Debug|Any CPU
		{1B6B1EF2-3FF2-4F27-8F59-9CE9BDC7FDAD}.Debug|Any CPU.Build.0 = Debug|Any CPU
		{1B6B1EF2-3FF2-4F27-8F59-9CE9BDC7FDAD}.Release|Any CPU.ActiveCfg = Release|Any CPU
		{1B6B1EF2-3FF2-4F27-8F59-9CE9BDC7FDAD}.Release|Any CPU.Build.0 = Release|Any CPU
	EndGlobalSection
	GlobalSection(SolutionProperties) = preSolution
		HideSolutionNode = FALSE
	EndGlobalSection
	GlobalSection(ExtensibilityGlobals) = postSolution
		SolutionGuid = {FFD8A4B7-9299-4CB2-BE73-BF67A5C0984F}
	EndGlobalSection
EndGlobal
