
Microsoft Visual Studio Solution File, Format Version 12.00
# Visual Studio Version 17
VisualStudioVersion = 17.7.34024.191
MinimumVisualStudioVersion = 10.0.40219.1
Project("{FAE04EC0-301F-11D3-BF4B-00C04F79EFBC}") = "Day20_DBconnection", "Day20\Day20_DBconnection.csproj", "{09229163-357C-48B6-8ADA-A79C40B504E3}"
EndProject
Global
	GlobalSection(SolutionConfigurationPlatforms) = preSolution
		Debug|Any CPU = Debug|Any CPU
		Release|Any CPU = Release|Any CPU
	EndGlobalSection
	GlobalSection(ProjectConfigurationPlatforms) = postSolution
		{09229163-357C-48B6-8ADA-A79C40B504E3}.Debug|Any CPU.ActiveCfg = Debug|Any CPU
		{09229163-357C-48B6-8ADA-A79C40B504E3}.Debug|Any CPU.Build.0 = Debug|Any CPU
		{09229163-357C-48B6-8ADA-A79C40B504E3}.Release|Any CPU.ActiveCfg = Release|Any CPU
		{09229163-357C-48B6-8ADA-A79C40B504E3}.Release|Any CPU.Build.0 = Release|Any CPU
	EndGlobalSection
	GlobalSection(SolutionProperties) = preSolution
		HideSolutionNode = FALSE
	EndGlobalSection
	GlobalSection(ExtensibilityGlobals) = postSolution
		SolutionGuid = {518FBC17-3388-4112-8507-F84CDD00D19A}
	EndGlobalSection
EndGlobal
