
Microsoft Visual Studio Solution File, Format Version 12.00
# Visual Studio Version 17
VisualStudioVersion = 17.7.34024.191
MinimumVisualStudioVersion = 10.0.40219.1
Project("{FAE04EC0-301F-11D3-BF4B-00C04F79EFBC}") = "SeleniumTest", "SeleniumTest\SeleniumTest.csproj", "{74814329-2177-42C5-8410-F4433F7F120C}"
EndProject
Global
	GlobalSection(SolutionConfigurationPlatforms) = preSolution
		Debug|Any CPU = Debug|Any CPU
		Release|Any CPU = Release|Any CPU
	EndGlobalSection
	GlobalSection(ProjectConfigurationPlatforms) = postSolution
		{74814329-2177-42C5-8410-F4433F7F120C}.Debug|Any CPU.ActiveCfg = Debug|Any CPU
		{74814329-2177-42C5-8410-F4433F7F120C}.Debug|Any CPU.Build.0 = Debug|Any CPU
		{74814329-2177-42C5-8410-F4433F7F120C}.Release|Any CPU.ActiveCfg = Release|Any CPU
		{74814329-2177-42C5-8410-F4433F7F120C}.Release|Any CPU.Build.0 = Release|Any CPU
	EndGlobalSection
	GlobalSection(SolutionProperties) = preSolution
		HideSolutionNode = FALSE
	EndGlobalSection
	GlobalSection(ExtensibilityGlobals) = postSolution
		SolutionGuid = {466B7EFB-F565-4583-A164-348456AFE4AE}
	EndGlobalSection
EndGlobal
