
Microsoft Visual Studio Solution File, Format Version 12.00
# Visual Studio Version 17
VisualStudioVersion = 17.7.34024.191
MinimumVisualStudioVersion = 10.0.40219.1
Project("{FAE04EC0-301F-11D3-BF4B-00C04F79EFBC}") = "Day9Task", "Day9Task\Day9Task.csproj", "{DE05264E-480C-4032-8770-8D125C0194D4}"
EndProject
Global
	GlobalSection(SolutionConfigurationPlatforms) = preSolution
		Debug|Any CPU = Debug|Any CPU
		Release|Any CPU = Release|Any CPU
	EndGlobalSection
	GlobalSection(ProjectConfigurationPlatforms) = postSolution
		{DE05264E-480C-4032-8770-8D125C0194D4}.Debug|Any CPU.ActiveCfg = Debug|Any CPU
		{DE05264E-480C-4032-8770-8D125C0194D4}.Debug|Any CPU.Build.0 = Debug|Any CPU
		{DE05264E-480C-4032-8770-8D125C0194D4}.Release|Any CPU.ActiveCfg = Release|Any CPU
		{DE05264E-480C-4032-8770-8D125C0194D4}.Release|Any CPU.Build.0 = Release|Any CPU
	EndGlobalSection
	GlobalSection(SolutionProperties) = preSolution
		HideSolutionNode = FALSE
	EndGlobalSection
	GlobalSection(ExtensibilityGlobals) = postSolution
		SolutionGuid = {EF605DDC-1655-4747-A56F-AD48F95BC62B}
	EndGlobalSection
EndGlobal
